
Microsoft Visual Studio Solution File, Format Version 12.00
# Visual Studio Version 16
VisualStudioVersion = 16.0.32630.194
MinimumVisualStudioVersion = 10.0.40219.1
Project("{FAE04EC0-301F-11D3-BF4B-00C04F79EFBC}") = "IAMCL.Inventory.API", "IAMCL.Inventory.API\IAMCL.Inventory.API.csproj", "{D0D077E5-AEA9-4050-B019-B21F2E8DE07A}"
EndProject
Project("{FAE04EC0-301F-11D3-BF4B-00C04F79EFBC}") = "IAMCL.Inventory.Web", "IAMCL.Inventory.Web\IAMCL.Inventory.Web.csproj", "{58FD39FC-10C3-45C8-9BE5-48D7BF560BF8}"
EndProject
Project("{FAE04EC0-301F-11D3-BF4B-00C04F79EFBC}") = "AMCL.Inventory.Entities", "AMCL.Inventory.Entities\AMCL.Inventory.Entities.csproj", "{8D11E583-4DA4-457F-89C6-42BC5B54277E}"
EndProject
Project("{FAE04EC0-301F-11D3-BF4B-00C04F79EFBC}") = "AMCL.Inventory.BL", "AMCL.Inventory.BL\AMCL.Inventory.BL.csproj", "{0FF8127C-6DD5-4FBD-837B-71F9086AE269}"
EndProject
Project("{FAE04EC0-301F-11D3-BF4B-00C04F79EFBC}") = "AMCL.Inventory.DL", "AMCL.Inventory.DL\AMCL.Inventory.DL.csproj", "{DB89AF0E-C24F-4E32-BB01-25C0D091F925}"
EndProject
Global
	GlobalSection(SolutionConfigurationPlatforms) = preSolution
		Debug|Any CPU = Debug|Any CPU
		Release|Any CPU = Release|Any CPU
	EndGlobalSection
	GlobalSection(ProjectConfigurationPlatforms) = postSolution
		{D0D077E5-AEA9-4050-B019-B21F2E8DE07A}.Debug|Any CPU.ActiveCfg = Debug|Any CPU
		{D0D077E5-AEA9-4050-B019-B21F2E8DE07A}.Debug|Any CPU.Build.0 = Debug|Any CPU
		{D0D077E5-AEA9-4050-B019-B21F2E8DE07A}.Release|Any CPU.ActiveCfg = Release|Any CPU
		{D0D077E5-AEA9-4050-B019-B21F2E8DE07A}.Release|Any CPU.Build.0 = Release|Any CPU
		{58FD39FC-10C3-45C8-9BE5-48D7BF560BF8}.Debug|Any CPU.ActiveCfg = Debug|Any CPU
		{58FD39FC-10C3-45C8-9BE5-48D7BF560BF8}.Debug|Any CPU.Build.0 = Debug|Any CPU
		{58FD39FC-10C3-45C8-9BE5-48D7BF560BF8}.Release|Any CPU.ActiveCfg = Release|Any CPU
		{58FD39FC-10C3-45C8-9BE5-48D7BF560BF8}.Release|Any CPU.Build.0 = Release|Any CPU
		{8D11E583-4DA4-457F-89C6-42BC5B54277E}.Debug|Any CPU.ActiveCfg = Debug|Any CPU
		{8D11E583-4DA4-457F-89C6-42BC5B54277E}.Debug|Any CPU.Build.0 = Debug|Any CPU
		{8D11E583-4DA4-457F-89C6-42BC5B54277E}.Release|Any CPU.ActiveCfg = Release|Any CPU
		{8D11E583-4DA4-457F-89C6-42BC5B54277E}.Release|Any CPU.Build.0 = Release|Any CPU
		{0FF8127C-6DD5-4FBD-837B-71F9086AE269}.Debug|Any CPU.ActiveCfg = Debug|Any CPU
		{0FF8127C-6DD5-4FBD-837B-71F9086AE269}.Debug|Any CPU.Build.0 = Debug|Any CPU
		{0FF8127C-6DD5-4FBD-837B-71F9086AE269}.Release|Any CPU.ActiveCfg = Release|Any CPU
		{0FF8127C-6DD5-4FBD-837B-71F9086AE269}.Release|Any CPU.Build.0 = Release|Any CPU
		{DB89AF0E-C24F-4E32-BB01-25C0D091F925}.Debug|Any CPU.ActiveCfg = Debug|Any CPU
		{DB89AF0E-C24F-4E32-BB01-25C0D091F925}.Debug|Any CPU.Build.0 = Debug|Any CPU
		{DB89AF0E-C24F-4E32-BB01-25C0D091F925}.Release|Any CPU.ActiveCfg = Release|Any CPU
		{DB89AF0E-C24F-4E32-BB01-25C0D091F925}.Release|Any CPU.Build.0 = Release|Any CPU
	EndGlobalSection
	GlobalSection(SolutionProperties) = preSolution
		HideSolutionNode = FALSE
	EndGlobalSection
	GlobalSection(ExtensibilityGlobals) = postSolution
		SolutionGuid = {46B4D130-5040-487C-81B9-F88CBFAF59B6}
	EndGlobalSection
EndGlobal
